
Microsoft Visual Studio Solution File, Format Version 12.00
# Visual Studio Version 17
VisualStudioVersion = 17.5.33530.505
MinimumVisualStudioVersion = 10.0.40219.1
Project("{9A19103F-16F7-4668-BE54-9A1E7A4F7556}") = "aspnetrun-microservices", "aspnetrun-microservices.csproj", "{29B40AEA-3170-4DDD-83AF-5ABE9E260961}"
EndProject
Project("{2150E333-8FDC-42A3-9474-1A3956D46DE8}") = "Services", "Services", "{BD29E016-C8C5-4568-AF2C-48058E193C7A}"
EndProject
Project("{2150E333-8FDC-42A3-9474-1A3956D46DE8}") = "Catalog", "Catalog", "{2B16EDCE-6F7E-4872-AAFE-35A81B26D832}"
EndProject
Project("{FAE04EC0-301F-11D3-BF4B-00C04F79EFBC}") = "Catalog.API", "Services\Catalog\Catalog.API\Catalog.API.csproj", "{CDE5767F-19BC-4C0C-853C-E5A7919400CB}"
EndProject
Global
	GlobalSection(SolutionConfigurationPlatforms) = preSolution
		Debug|Any CPU = Debug|Any CPU
		Release|Any CPU = Release|Any CPU
	EndGlobalSection
	GlobalSection(ProjectConfigurationPlatforms) = postSolution
		{29B40AEA-3170-4DDD-83AF-5ABE9E260961}.Debug|Any CPU.ActiveCfg = Debug|Any CPU
		{29B40AEA-3170-4DDD-83AF-5ABE9E260961}.Debug|Any CPU.Build.0 = Debug|Any CPU
		{29B40AEA-3170-4DDD-83AF-5ABE9E260961}.Release|Any CPU.ActiveCfg = Release|Any CPU
		{29B40AEA-3170-4DDD-83AF-5ABE9E260961}.Release|Any CPU.Build.0 = Release|Any CPU
		{CDE5767F-19BC-4C0C-853C-E5A7919400CB}.Debug|Any CPU.ActiveCfg = Debug|Any CPU
		{CDE5767F-19BC-4C0C-853C-E5A7919400CB}.Debug|Any CPU.Build.0 = Debug|Any CPU
		{CDE5767F-19BC-4C0C-853C-E5A7919400CB}.Release|Any CPU.ActiveCfg = Release|Any CPU
		{CDE5767F-19BC-4C0C-853C-E5A7919400CB}.Release|Any CPU.Build.0 = Release|Any CPU
	EndGlobalSection
	GlobalSection(SolutionProperties) = preSolution
		HideSolutionNode = FALSE
	EndGlobalSection
	GlobalSection(NestedProjects) = preSolution
		{2B16EDCE-6F7E-4872-AAFE-35A81B26D832} = {BD29E016-C8C5-4568-AF2C-48058E193C7A}
		{CDE5767F-19BC-4C0C-853C-E5A7919400CB} = {2B16EDCE-6F7E-4872-AAFE-35A81B26D832}
	EndGlobalSection
	GlobalSection(ExtensibilityGlobals) = postSolution
		SolutionGuid = {EA58A5CA-A537-4409-A5B7-C293B517B6F7}
	EndGlobalSection
EndGlobal
